
Microsoft Visual Studio Solution File, Format Version 12.00
# Visual Studio 14
VisualStudioVersion = 14.0.25420.1
MinimumVisualStudioVersion = 10.0.40219.1
Project("{FAE04EC0-301F-11D3-BF4B-00C04F79EFBC}") = "OpenWeen.Forms", "OpenWeen.Forms\OpenWeen.Forms\OpenWeen.Forms.csproj", "{99EBF978-6E51-4E1E-8908-F8BB13DBCD0B}"
EndProject
Project("{FAE04EC0-301F-11D3-BF4B-00C04F79EFBC}") = "OpenWeen.Forms.Droid", "OpenWeen.Forms\OpenWeen.Forms.Droid\OpenWeen.Forms.Droid.csproj", "{3B2A837A-5836-4B69-A749-D48B0C01685C}"
EndProject
Project("{FAE04EC0-301F-11D3-BF4B-00C04F79EFBC}") = "OpenWeen.Forms.iOS", "OpenWeen.Forms\OpenWeen.Forms.iOS\OpenWeen.Forms.iOS.csproj", "{CC31EFD9-0C37-483E-AC1B-2D66EE7B92FC}"
EndProject
Project("{FAE04EC0-301F-11D3-BF4B-00C04F79EFBC}") = "OpenWeen.Forms.UWP", "OpenWeen.Forms\OpenWeen.Forms.UWP\OpenWeen.Forms.UWP.csproj", "{8557BC45-B1FE-468A-A07A-A3FA4BB6E8FB}"
EndProject
Project("{D954291E-2A0B-460D-934E-DC6B0785DB48}") = "OpenWeen.Forms.Shared", "OpenWeen.Forms\OpenWeen.Forms.Shared\OpenWeen.Forms.Shared.shproj", "{D77270D4-8C6B-4B09-93C5-CE9C03B6EC09}"
EndProject
Global
	GlobalSection(SharedMSBuildProjectFiles) = preSolution
		OpenWeen.Forms\OpenWeen.Forms.Shared\OpenWeen.Forms.Shared.projitems*{3b2a837a-5836-4b69-a749-d48b0c01685c}*SharedItemsImports = 4
		OpenWeen.Forms\OpenWeen.Forms.Shared\OpenWeen.Forms.Shared.projitems*{8557bc45-b1fe-468a-a07a-a3fa4bb6e8fb}*SharedItemsImports = 4
		OpenWeen.Forms\OpenWeen.Forms.Shared\OpenWeen.Forms.Shared.projitems*{cc31efd9-0c37-483e-ac1b-2d66ee7b92fc}*SharedItemsImports = 4
		OpenWeen.Forms\OpenWeen.Forms.Shared\OpenWeen.Forms.Shared.projitems*{d77270d4-8c6b-4b09-93c5-ce9c03b6ec09}*SharedItemsImports = 13
	EndGlobalSection
	GlobalSection(SolutionConfigurationPlatforms) = preSolution
		Ad-Hoc|Any CPU = Ad-Hoc|Any CPU
		Ad-Hoc|ARM = Ad-Hoc|ARM
		Ad-Hoc|iPhone = Ad-Hoc|iPhone
		Ad-Hoc|iPhoneSimulator = Ad-Hoc|iPhoneSimulator
		Ad-Hoc|MixedPlatforms = Ad-Hoc|MixedPlatforms
		Ad-Hoc|x64 = Ad-Hoc|x64
		Ad-Hoc|x86 = Ad-Hoc|x86
		AppStore|Any CPU = AppStore|Any CPU
		AppStore|ARM = AppStore|ARM
		AppStore|iPhone = AppStore|iPhone
		AppStore|iPhoneSimulator = AppStore|iPhoneSimulator
		AppStore|MixedPlatforms = AppStore|MixedPlatforms
		AppStore|x64 = AppStore|x64
		AppStore|x86 = AppStore|x86
		Debug|Any CPU = Debug|Any CPU
		Debug|ARM = Debug|ARM
		Debug|iPhone = Debug|iPhone
		Debug|iPhoneSimulator = Debug|iPhoneSimulator
		Debug|MixedPlatforms = Debug|MixedPlatforms
		Debug|x64 = Debug|x64
		Debug|x86 = Debug|x86
		Release|Any CPU = Release|Any CPU
		Release|ARM = Release|ARM
		Release|iPhone = Release|iPhone
		Release|iPhoneSimulator = Release|iPhoneSimulator
		Release|MixedPlatforms = Release|MixedPlatforms
		Release|x64 = Release|x64
		Release|x86 = Release|x86
	EndGlobalSection
	GlobalSection(ProjectConfigurationPlatforms) = postSolution
		{99EBF978-6E51-4E1E-8908-F8BB13DBCD0B}.Ad-Hoc|Any CPU.ActiveCfg = Release|Any CPU
		{99EBF978-6E51-4E1E-8908-F8BB13DBCD0B}.Ad-Hoc|Any CPU.Build.0 = Release|Any CPU
		{99EBF978-6E51-4E1E-8908-F8BB13DBCD0B}.Ad-Hoc|ARM.ActiveCfg = Release|Any CPU
		{99EBF978-6E51-4E1E-8908-F8BB13DBCD0B}.Ad-Hoc|ARM.Build.0 = Release|Any CPU
		{99EBF978-6E51-4E1E-8908-F8BB13DBCD0B}.Ad-Hoc|iPhone.ActiveCfg = Release|Any CPU
		{99EBF978-6E51-4E1E-8908-F8BB13DBCD0B}.Ad-Hoc|iPhone.Build.0 = Release|Any CPU
		{99EBF978-6E51-4E1E-8908-F8BB13DBCD0B}.Ad-Hoc|iPhoneSimulator.ActiveCfg = Release|Any CPU
		{99EBF978-6E51-4E1E-8908-F8BB13DBCD0B}.Ad-Hoc|iPhoneSimulator.Build.0 = Release|Any CPU
		{99EBF978-6E51-4E1E-8908-F8BB13DBCD0B}.Ad-Hoc|MixedPlatforms.ActiveCfg = Release|Any CPU
		{99EBF978-6E51-4E1E-8908-F8BB13DBCD0B}.Ad-Hoc|MixedPlatforms.Build.0 = Release|Any CPU
		{99EBF978-6E51-4E1E-8908-F8BB13DBCD0B}.Ad-Hoc|x64.ActiveCfg = Release|Any CPU
		{99EBF978-6E51-4E1E-8908-F8BB13DBCD0B}.Ad-Hoc|x64.Build.0 = Release|Any CPU
		{99EBF978-6E51-4E1E-8908-F8BB13DBCD0B}.Ad-Hoc|x86.ActiveCfg = Release|Any CPU
		{99EBF978-6E51-4E1E-8908-F8BB13DBCD0B}.Ad-Hoc|x86.Build.0 = Release|Any CPU
		{99EBF978-6E51-4E1E-8908-F8BB13DBCD0B}.AppStore|Any CPU.ActiveCfg = Release|Any CPU
		{99EBF978-6E51-4E1E-8908-F8BB13DBCD0B}.AppStore|Any CPU.Build.0 = Release|Any CPU
		{99EBF978-6E51-4E1E-8908-F8BB13DBCD0B}.AppStore|ARM.ActiveCfg = Release|Any CPU
		{99EBF978-6E51-4E1E-8908-F8BB13DBCD0B}.AppStore|ARM.Build.0 = Release|Any CPU
		{99EBF978-6E51-4E1E-8908-F8BB13DBCD0B}.AppStore|iPhone.ActiveCfg = Release|Any CPU
		{99EBF978-6E51-4E1E-8908-F8BB13DBCD0B}.AppStore|iPhone.Build.0 = Release|Any CPU
		{99EBF978-6E51-4E1E-8908-F8BB13DBCD0B}.AppStore|iPhoneSimulator.ActiveCfg = Release|Any CPU
		{99EBF978-6E51-4E1E-8908-F8BB13DBCD0B}.AppStore|iPhoneSimulator.Build.0 = Release|Any CPU
		{99EBF978-6E51-4E1E-8908-F8BB13DBCD0B}.AppStore|MixedPlatforms.ActiveCfg = Release|Any CPU
		{99EBF978-6E51-4E1E-8908-F8BB13DBCD0B}.AppStore|MixedPlatforms.Build.0 = Release|Any CPU
		{99EBF978-6E51-4E1E-8908-F8BB13DBCD0B}.AppStore|x64.ActiveCfg = Release|Any CPU
		{99EBF978-6E51-4E1E-8908-F8BB13DBCD0B}.AppStore|x64.Build.0 = Release|Any CPU
		{99EBF978-6E51-4E1E-8908-F8BB13DBCD0B}.AppStore|x86.ActiveCfg = Release|Any CPU
		{99EBF978-6E51-4E1E-8908-F8BB13DBCD0B}.AppStore|x86.Build.0 = Release|Any CPU
		{99EBF978-6E51-4E1E-8908-F8BB13DBCD0B}.Debug|Any CPU.ActiveCfg = Debug|Any CPU
		{99EBF978-6E51-4E1E-8908-F8BB13DBCD0B}.Debug|Any CPU.Build.0 = Debug|Any CPU
		{99EBF978-6E51-4E1E-8908-F8BB13DBCD0B}.Debug|ARM.ActiveCfg = Debug|Any CPU
		{99EBF978-6E51-4E1E-8908-F8BB13DBCD0B}.Debug|ARM.Build.0 = Debug|Any CPU
		{99EBF978-6E51-4E1E-8908-F8BB13DBCD0B}.Debug|iPhone.ActiveCfg = Debug|Any CPU
		{99EBF978-6E51-4E1E-8908-F8BB13DBCD0B}.Debug|iPhone.Build.0 = Debug|Any CPU
		{99EBF978-6E51-4E1E-8908-F8BB13DBCD0B}.Debug|iPhoneSimulator.ActiveCfg = Debug|Any CPU
		{99EBF978-6E51-4E1E-8908-F8BB13DBCD0B}.Debug|iPhoneSimulator.Build.0 = Debug|Any CPU
		{99EBF978-6E51-4E1E-8908-F8BB13DBCD0B}.Debug|MixedPlatforms.ActiveCfg = Debug|Any CPU
		{99EBF978-6E51-4E1E-8908-F8BB13DBCD0B}.Debug|MixedPlatforms.Build.0 = Debug|Any CPU
		{99EBF978-6E51-4E1E-8908-F8BB13DBCD0B}.Debug|x64.ActiveCfg = Debug|Any CPU
		{99EBF978-6E51-4E1E-8908-F8BB13DBCD0B}.Debug|x64.Build.0 = Debug|Any CPU
		{99EBF978-6E51-4E1E-8908-F8BB13DBCD0B}.Debug|x86.ActiveCfg = Debug|Any CPU
		{99EBF978-6E51-4E1E-8908-F8BB13DBCD0B}.Debug|x86.Build.0 = Debug|Any CPU
		{99EBF978-6E51-4E1E-8908-F8BB13DBCD0B}.Release|Any CPU.ActiveCfg = Release|Any CPU
		{99EBF978-6E51-4E1E-8908-F8BB13DBCD0B}.Release|Any CPU.Build.0 = Release|Any CPU
		{99EBF978-6E51-4E1E-8908-F8BB13DBCD0B}.Release|ARM.ActiveCfg = Release|Any CPU
		{99EBF978-6E51-4E1E-8908-F8BB13DBCD0B}.Release|ARM.Build.0 = Release|Any CPU
		{99EBF978-6E51-4E1E-8908-F8BB13DBCD0B}.Release|iPhone.ActiveCfg = Release|Any CPU
		{99EBF978-6E51-4E1E-8908-F8BB13DBCD0B}.Release|iPhone.Build.0 = Release|Any CPU
		{99EBF978-6E51-4E1E-8908-F8BB13DBCD0B}.Release|iPhoneSimulator.ActiveCfg = Release|Any CPU
		{99EBF978-6E51-4E1E-8908-F8BB13DBCD0B}.Release|iPhoneSimulator.Build.0 = Release|Any CPU
		{99EBF978-6E51-4E1E-8908-F8BB13DBCD0B}.Release|MixedPlatforms.ActiveCfg = Release|Any CPU
		{99EBF978-6E51-4E1E-8908-F8BB13DBCD0B}.Release|MixedPlatforms.Build.0 = Release|Any CPU
		{99EBF978-6E51-4E1E-8908-F8BB13DBCD0B}.Release|x64.ActiveCfg = Release|Any CPU
		{99EBF978-6E51-4E1E-8908-F8BB13DBCD0B}.Release|x64.Build.0 = Release|Any CPU
		{99EBF978-6E51-4E1E-8908-F8BB13DBCD0B}.Release|x86.ActiveCfg = Release|Any CPU
		{99EBF978-6E51-4E1E-8908-F8BB13DBCD0B}.Release|x86.Build.0 = Release|Any CPU
		{3B2A837A-5836-4B69-A749-D48B0C01685C}.Ad-Hoc|Any CPU.ActiveCfg = Release|Any CPU
		{3B2A837A-5836-4B69-A749-D48B0C01685C}.Ad-Hoc|Any CPU.Build.0 = Release|Any CPU
		{3B2A837A-5836-4B69-A749-D48B0C01685C}.Ad-Hoc|Any CPU.Deploy.0 = Release|Any CPU
		{3B2A837A-5836-4B69-A749-D48B0C01685C}.Ad-Hoc|ARM.ActiveCfg = Release|Any CPU
		{3B2A837A-5836-4B69-A749-D48B0C01685C}.Ad-Hoc|ARM.Build.0 = Release|Any CPU
		{3B2A837A-5836-4B69-A749-D48B0C01685C}.Ad-Hoc|ARM.Deploy.0 = Release|Any CPU
		{3B2A837A-5836-4B69-A749-D48B0C01685C}.Ad-Hoc|iPhone.ActiveCfg = Release|Any CPU
		{3B2A837A-5836-4B69-A749-D48B0C01685C}.Ad-Hoc|iPhone.Build.0 = Release|Any CPU
		{3B2A837A-5836-4B69-A749-D48B0C01685C}.Ad-Hoc|iPhone.Deploy.0 = Release|Any CPU
		{3B2A837A-5836-4B69-A749-D48B0C01685C}.Ad-Hoc|iPhoneSimulator.ActiveCfg = Release|Any CPU
		{3B2A837A-5836-4B69-A749-D48B0C01685C}.Ad-Hoc|iPhoneSimulator.Build.0 = Release|Any CPU
		{3B2A837A-5836-4B69-A749-D48B0C01685C}.Ad-Hoc|iPhoneSimulator.Deploy.0 = Release|Any CPU
		{3B2A837A-5836-4B69-A749-D48B0C01685C}.Ad-Hoc|MixedPlatforms.ActiveCfg = Release|Any CPU
		{3B2A837A-5836-4B69-A749-D48B0C01685C}.Ad-Hoc|MixedPlatforms.Build.0 = Release|Any CPU
		{3B2A837A-5836-4B69-A749-D48B0C01685C}.Ad-Hoc|MixedPlatforms.Deploy.0 = Release|Any CPU
		{3B2A837A-5836-4B69-A749-D48B0C01685C}.Ad-Hoc|x64.ActiveCfg = Release|Any CPU
		{3B2A837A-5836-4B69-A749-D48B0C01685C}.Ad-Hoc|x64.Build.0 = Release|Any CPU
		{3B2A837A-5836-4B69-A749-D48B0C01685C}.Ad-Hoc|x64.Deploy.0 = Release|Any CPU
		{3B2A837A-5836-4B69-A749-D48B0C01685C}.Ad-Hoc|x86.ActiveCfg = Release|Any CPU
		{3B2A837A-5836-4B69-A749-D48B0C01685C}.Ad-Hoc|x86.Build.0 = Release|Any CPU
		{3B2A837A-5836-4B69-A749-D48B0C01685C}.Ad-Hoc|x86.Deploy.0 = Release|Any CPU
		{3B2A837A-5836-4B69-A749-D48B0C01685C}.AppStore|Any CPU.ActiveCfg = Release|Any CPU
		{3B2A837A-5836-4B69-A749-D48B0C01685C}.AppStore|Any CPU.Build.0 = Release|Any CPU
		{3B2A837A-5836-4B69-A749-D48B0C01685C}.AppStore|Any CPU.Deploy.0 = Release|Any CPU
		{3B2A837A-5836-4B69-A749-D48B0C01685C}.AppStore|ARM.ActiveCfg = Release|Any CPU
		{3B2A837A-5836-4B69-A749-D48B0C01685C}.AppStore|ARM.Build.0 = Release|Any CPU
		{3B2A837A-5836-4B69-A749-D48B0C01685C}.AppStore|ARM.Deploy.0 = Release|Any CPU
		{3B2A837A-5836-4B69-A749-D48B0C01685C}.AppStore|iPhone.ActiveCfg = Release|Any CPU
		{3B2A837A-5836-4B69-A749-D48B0C01685C}.AppStore|iPhone.Build.0 = Release|Any CPU
		{3B2A837A-5836-4B69-A749-D48B0C01685C}.AppStore|iPhone.Deploy.0 = Release|Any CPU
		{3B2A837A-5836-4B69-A749-D48B0C01685C}.AppStore|iPhoneSimulator.ActiveCfg = Release|Any CPU
		{3B2A837A-5836-4B69-A749-D48B0C01685C}.AppStore|iPhoneSimulator.Build.0 = Release|Any CPU
		{3B2A837A-5836-4B69-A749-D48B0C01685C}.AppStore|iPhoneSimulator.Deploy.0 = Release|Any CPU
		{3B2A837A-5836-4B69-A749-D48B0C01685C}.AppStore|MixedPlatforms.ActiveCfg = Release|Any CPU
		{3B2A837A-5836-4B69-A749-D48B0C01685C}.AppStore|MixedPlatforms.Build.0 = Release|Any CPU
		{3B2A837A-5836-4B69-A749-D48B0C01685C}.AppStore|MixedPlatforms.Deploy.0 = Release|Any CPU
		{3B2A837A-5836-4B69-A749-D48B0C01685C}.AppStore|x64.ActiveCfg = Release|Any CPU
		{3B2A837A-5836-4B69-A749-D48B0C01685C}.AppStore|x64.Build.0 = Release|Any CPU
		{3B2A837A-5836-4B69-A749-D48B0C01685C}.AppStore|x64.Deploy.0 = Release|Any CPU
		{3B2A837A-5836-4B69-A749-D48B0C01685C}.AppStore|x86.ActiveCfg = Release|Any CPU
		{3B2A837A-5836-4B69-A749-D48B0C01685C}.AppStore|x86.Build.0 = Release|Any CPU
		{3B2A837A-5836-4B69-A749-D48B0C01685C}.AppStore|x86.Deploy.0 = Release|Any CPU
		{3B2A837A-5836-4B69-A749-D48B0C01685C}.Debug|Any CPU.ActiveCfg = Debug|Any CPU
		{3B2A837A-5836-4B69-A749-D48B0C01685C}.Debug|Any CPU.Build.0 = Debug|Any CPU
		{3B2A837A-5836-4B69-A749-D48B0C01685C}.Debug|Any CPU.Deploy.0 = Debug|Any CPU
		{3B2A837A-5836-4B69-A749-D48B0C01685C}.Debug|ARM.ActiveCfg = Debug|Any CPU
		{3B2A837A-5836-4B69-A749-D48B0C01685C}.Debug|ARM.Build.0 = Debug|Any CPU
		{3B2A837A-5836-4B69-A749-D48B0C01685C}.Debug|ARM.Deploy.0 = Debug|Any CPU
		{3B2A837A-5836-4B69-A749-D48B0C01685C}.Debug|iPhone.ActiveCfg = Debug|Any CPU
		{3B2A837A-5836-4B69-A749-D48B0C01685C}.Debug|iPhone.Build.0 = Debug|Any CPU
		{3B2A837A-5836-4B69-A749-D48B0C01685C}.Debug|iPhone.Deploy.0 = Debug|Any CPU
		{3B2A837A-5836-4B69-A749-D48B0C01685C}.Debug|iPhoneSimulator.ActiveCfg = Debug|Any CPU
		{3B2A837A-5836-4B69-A749-D48B0C01685C}.Debug|iPhoneSimulator.Build.0 = Debug|Any CPU
		{3B2A837A-5836-4B69-A749-D48B0C01685C}.Debug|iPhoneSimulator.Deploy.0 = Debug|Any CPU
		{3B2A837A-5836-4B69-A749-D48B0C01685C}.Debug|MixedPlatforms.ActiveCfg = Debug|Any CPU
		{3B2A837A-5836-4B69-A749-D48B0C01685C}.Debug|MixedPlatforms.Build.0 = Debug|Any CPU
		{3B2A837A-5836-4B69-A749-D48B0C01685C}.Debug|MixedPlatforms.Deploy.0 = Debug|Any CPU
		{3B2A837A-5836-4B69-A749-D48B0C01685C}.Debug|x64.ActiveCfg = Debug|Any CPU
		{3B2A837A-5836-4B69-A749-D48B0C01685C}.Debug|x64.Build.0 = Debug|Any CPU
		{3B2A837A-5836-4B69-A749-D48B0C01685C}.Debug|x64.Deploy.0 = Debug|Any CPU
		{3B2A837A-5836-4B69-A749-D48B0C01685C}.Debug|x86.ActiveCfg = Debug|Any CPU
		{3B2A837A-5836-4B69-A749-D48B0C01685C}.Debug|x86.Build.0 = Debug|Any CPU
		{3B2A837A-5836-4B69-A749-D48B0C01685C}.Debug|x86.Deploy.0 = Debug|Any CPU
		{3B2A837A-5836-4B69-A749-D48B0C01685C}.Release|Any CPU.ActiveCfg = Release|Any CPU
		{3B2A837A-5836-4B69-A749-D48B0C01685C}.Release|Any CPU.Build.0 = Release|Any CPU
		{3B2A837A-5836-4B69-A749-D48B0C01685C}.Release|Any CPU.Deploy.0 = Release|Any CPU
		{3B2A837A-5836-4B69-A749-D48B0C01685C}.Release|ARM.ActiveCfg = Release|Any CPU
		{3B2A837A-5836-4B69-A749-D48B0C01685C}.Release|ARM.Build.0 = Release|Any CPU
		{3B2A837A-5836-4B69-A749-D48B0C01685C}.Release|ARM.Deploy.0 = Release|Any CPU
		{3B2A837A-5836-4B69-A749-D48B0C01685C}.Release|iPhone.ActiveCfg = Release|Any CPU
		{3B2A837A-5836-4B69-A749-D48B0C01685C}.Release|iPhone.Build.0 = Release|Any CPU
		{3B2A837A-5836-4B69-A749-D48B0C01685C}.Release|iPhone.Deploy.0 = Release|Any CPU
		{3B2A837A-5836-4B69-A749-D48B0C01685C}.Release|iPhoneSimulator.ActiveCfg = Release|Any CPU
		{3B2A837A-5836-4B69-A749-D48B0C01685C}.Release|iPhoneSimulator.Build.0 = Release|Any CPU
		{3B2A837A-5836-4B69-A749-D48B0C01685C}.Release|iPhoneSimulator.Deploy.0 = Release|Any CPU
		{3B2A837A-5836-4B69-A749-D48B0C01685C}.Release|MixedPlatforms.ActiveCfg = Release|Any CPU
		{3B2A837A-5836-4B69-A749-D48B0C01685C}.Release|MixedPlatforms.Build.0 = Release|Any CPU
		{3B2A837A-5836-4B69-A749-D48B0C01685C}.Release|MixedPlatforms.Deploy.0 = Release|Any CPU
		{3B2A837A-5836-4B69-A749-D48B0C01685C}.Release|x64.ActiveCfg = Release|Any CPU
		{3B2A837A-5836-4B69-A749-D48B0C01685C}.Release|x64.Build.0 = Release|Any CPU
		{3B2A837A-5836-4B69-A749-D48B0C01685C}.Release|x64.Deploy.0 = Release|Any CPU
		{3B2A837A-5836-4B69-A749-D48B0C01685C}.Release|x86.ActiveCfg = Release|Any CPU
		{3B2A837A-5836-4B69-A749-D48B0C01685C}.Release|x86.Build.0 = Release|Any CPU
		{3B2A837A-5836-4B69-A749-D48B0C01685C}.Release|x86.Deploy.0 = Release|Any CPU
		{CC31EFD9-0C37-483E-AC1B-2D66EE7B92FC}.Ad-Hoc|Any CPU.ActiveCfg = Ad-Hoc|iPhone
		{CC31EFD9-0C37-483E-AC1B-2D66EE7B92FC}.Ad-Hoc|ARM.ActiveCfg = Ad-Hoc|iPhone
		{CC31EFD9-0C37-483E-AC1B-2D66EE7B92FC}.Ad-Hoc|iPhone.ActiveCfg = Ad-Hoc|iPhone
		{CC31EFD9-0C37-483E-AC1B-2D66EE7B92FC}.Ad-Hoc|iPhone.Build.0 = Ad-Hoc|iPhone
		{CC31EFD9-0C37-483E-AC1B-2D66EE7B92FC}.Ad-Hoc|iPhoneSimulator.ActiveCfg = Ad-Hoc|iPhoneSimulator
		{CC31EFD9-0C37-483E-AC1B-2D66EE7B92FC}.Ad-Hoc|iPhoneSimulator.Build.0 = Ad-Hoc|iPhoneSimulator
		{CC31EFD9-0C37-483E-AC1B-2D66EE7B92FC}.Ad-Hoc|MixedPlatforms.ActiveCfg = Ad-Hoc|iPhone
		{CC31EFD9-0C37-483E-AC1B-2D66EE7B92FC}.Ad-Hoc|x64.ActiveCfg = Ad-Hoc|iPhone
		{CC31EFD9-0C37-483E-AC1B-2D66EE7B92FC}.Ad-Hoc|x86.ActiveCfg = Ad-Hoc|iPhone
		{CC31EFD9-0C37-483E-AC1B-2D66EE7B92FC}.AppStore|Any CPU.ActiveCfg = AppStore|iPhone
		{CC31EFD9-0C37-483E-AC1B-2D66EE7B92FC}.AppStore|ARM.ActiveCfg = AppStore|iPhone
		{CC31EFD9-0C37-483E-AC1B-2D66EE7B92FC}.AppStore|iPhone.ActiveCfg = AppStore|iPhone
		{CC31EFD9-0C37-483E-AC1B-2D66EE7B92FC}.AppStore|iPhone.Build.0 = AppStore|iPhone
		{CC31EFD9-0C37-483E-AC1B-2D66EE7B92FC}.AppStore|iPhoneSimulator.ActiveCfg = AppStore|iPhoneSimulator
		{CC31EFD9-0C37-483E-AC1B-2D66EE7B92FC}.AppStore|iPhoneSimulator.Build.0 = AppStore|iPhoneSimulator
		{CC31EFD9-0C37-483E-AC1B-2D66EE7B92FC}.AppStore|MixedPlatforms.ActiveCfg = AppStore|iPhone
		{CC31EFD9-0C37-483E-AC1B-2D66EE7B92FC}.AppStore|x64.ActiveCfg = AppStore|iPhone
		{CC31EFD9-0C37-483E-AC1B-2D66EE7B92FC}.AppStore|x86.ActiveCfg = AppStore|iPhone
		{CC31EFD9-0C37-483E-AC1B-2D66EE7B92FC}.Debug|Any CPU.ActiveCfg = Debug|iPhone
		{CC31EFD9-0C37-483E-AC1B-2D66EE7B92FC}.Debug|ARM.ActiveCfg = Debug|iPhone
		{CC31EFD9-0C37-483E-AC1B-2D66EE7B92FC}.Debug|iPhone.ActiveCfg = Debug|iPhone
		{CC31EFD9-0C37-483E-AC1B-2D66EE7B92FC}.Debug|iPhone.Build.0 = Debug|iPhone
		{CC31EFD9-0C37-483E-AC1B-2D66EE7B92FC}.Debug|iPhoneSimulator.ActiveCfg = Debug|iPhoneSimulator
		{CC31EFD9-0C37-483E-AC1B-2D66EE7B92FC}.Debug|iPhoneSimulator.Build.0 = Debug|iPhoneSimulator
		{CC31EFD9-0C37-483E-AC1B-2D66EE7B92FC}.Debug|MixedPlatforms.ActiveCfg = Debug|iPhone
		{CC31EFD9-0C37-483E-AC1B-2D66EE7B92FC}.Debug|MixedPlatforms.Build.0 = Debug|iPhone
		{CC31EFD9-0C37-483E-AC1B-2D66EE7B92FC}.Debug|x64.ActiveCfg = Debug|iPhone
		{CC31EFD9-0C37-483E-AC1B-2D66EE7B92FC}.Debug|x86.ActiveCfg = Debug|iPhone
		{CC31EFD9-0C37-483E-AC1B-2D66EE7B92FC}.Release|Any CPU.ActiveCfg = Release|iPhone
		{CC31EFD9-0C37-483E-AC1B-2D66EE7B92FC}.Release|ARM.ActiveCfg = Release|iPhone
		{CC31EFD9-0C37-483E-AC1B-2D66EE7B92FC}.Release|iPhone.ActiveCfg = Release|iPhone
		{CC31EFD9-0C37-483E-AC1B-2D66EE7B92FC}.Release|iPhone.Build.0 = Release|iPhone
		{CC31EFD9-0C37-483E-AC1B-2D66EE7B92FC}.Release|iPhoneSimulator.ActiveCfg = Release|iPhoneSimulator
		{CC31EFD9-0C37-483E-AC1B-2D66EE7B92FC}.Release|iPhoneSimulator.Build.0 = Release|iPhoneSimulator
		{CC31EFD9-0C37-483E-AC1B-2D66EE7B92FC}.Release|MixedPlatforms.ActiveCfg = Release|iPhone
		{CC31EFD9-0C37-483E-AC1B-2D66EE7B92FC}.Release|x64.ActiveCfg = Release|iPhone
		{CC31EFD9-0C37-483E-AC1B-2D66EE7B92FC}.Release|x86.ActiveCfg = Release|iPhone
		{8557BC45-B1FE-468A-A07A-A3FA4BB6E8FB}.Ad-Hoc|Any CPU.ActiveCfg = Release|x86
		{8557BC45-B1FE-468A-A07A-A3FA4BB6E8FB}.Ad-Hoc|Any CPU.Build.0 = Release|x86
		{8557BC45-B1FE-468A-A07A-A3FA4BB6E8FB}.Ad-Hoc|Any CPU.Deploy.0 = Release|x86
		{8557BC45-B1FE-468A-A07A-A3FA4BB6E8FB}.Ad-Hoc|ARM.ActiveCfg = Release|ARM
		{8557BC45-B1FE-468A-A07A-A3FA4BB6E8FB}.Ad-Hoc|ARM.Build.0 = Release|ARM
		{8557BC45-B1FE-468A-A07A-A3FA4BB6E8FB}.Ad-Hoc|ARM.Deploy.0 = Release|ARM
		{8557BC45-B1FE-468A-A07A-A3FA4BB6E8FB}.Ad-Hoc|iPhone.ActiveCfg = Release|x86
		{8557BC45-B1FE-468A-A07A-A3FA4BB6E8FB}.Ad-Hoc|iPhone.Build.0 = Release|x86
		{8557BC45-B1FE-468A-A07A-A3FA4BB6E8FB}.Ad-Hoc|iPhone.Deploy.0 = Release|x86
		{8557BC45-B1FE-468A-A07A-A3FA4BB6E8FB}.Ad-Hoc|iPhoneSimulator.ActiveCfg = Release|x86
		{8557BC45-B1FE-468A-A07A-A3FA4BB6E8FB}.Ad-Hoc|iPhoneSimulator.Build.0 = Release|x86
		{8557BC45-B1FE-468A-A07A-A3FA4BB6E8FB}.Ad-Hoc|iPhoneSimulator.Deploy.0 = Release|x86
		{8557BC45-B1FE-468A-A07A-A3FA4BB6E8FB}.Ad-Hoc|MixedPlatforms.ActiveCfg = Release|x86
		{8557BC45-B1FE-468A-A07A-A3FA4BB6E8FB}.Ad-Hoc|MixedPlatforms.Build.0 = Release|x86
		{8557BC45-B1FE-468A-A07A-A3FA4BB6E8FB}.Ad-Hoc|MixedPlatforms.Deploy.0 = Release|x86
		{8557BC45-B1FE-468A-A07A-A3FA4BB6E8FB}.Ad-Hoc|x64.ActiveCfg = Release|x64
		{8557BC45-B1FE-468A-A07A-A3FA4BB6E8FB}.Ad-Hoc|x64.Build.0 = Release|x64
		{8557BC45-B1FE-468A-A07A-A3FA4BB6E8FB}.Ad-Hoc|x64.Deploy.0 = Release|x64
		{8557BC45-B1FE-468A-A07A-A3FA4BB6E8FB}.Ad-Hoc|x86.ActiveCfg = Release|x86
		{8557BC45-B1FE-468A-A07A-A3FA4BB6E8FB}.Ad-Hoc|x86.Build.0 = Release|x86
		{8557BC45-B1FE-468A-A07A-A3FA4BB6E8FB}.Ad-Hoc|x86.Deploy.0 = Release|x86
		{8557BC45-B1FE-468A-A07A-A3FA4BB6E8FB}.AppStore|Any CPU.ActiveCfg = Release|x86
		{8557BC45-B1FE-468A-A07A-A3FA4BB6E8FB}.AppStore|Any CPU.Build.0 = Release|x86
		{8557BC45-B1FE-468A-A07A-A3FA4BB6E8FB}.AppStore|Any CPU.Deploy.0 = Release|x86
		{8557BC45-B1FE-468A-A07A-A3FA4BB6E8FB}.AppStore|ARM.ActiveCfg = Release|ARM
		{8557BC45-B1FE-468A-A07A-A3FA4BB6E8FB}.AppStore|ARM.Build.0 = Release|ARM
		{8557BC45-B1FE-468A-A07A-A3FA4BB6E8FB}.AppStore|ARM.Deploy.0 = Release|ARM
		{8557BC45-B1FE-468A-A07A-A3FA4BB6E8FB}.AppStore|iPhone.ActiveCfg = Release|x86
		{8557BC45-B1FE-468A-A07A-A3FA4BB6E8FB}.AppStore|iPhone.Build.0 = Release|x86
		{8557BC45-B1FE-468A-A07A-A3FA4BB6E8FB}.AppStore|iPhone.Deploy.0 = Release|x86
		{8557BC45-B1FE-468A-A07A-A3FA4BB6E8FB}.AppStore|iPhoneSimulator.ActiveCfg = Release|x86
		{8557BC45-B1FE-468A-A07A-A3FA4BB6E8FB}.AppStore|iPhoneSimulator.Build.0 = Release|x86
		{8557BC45-B1FE-468A-A07A-A3FA4BB6E8FB}.AppStore|iPhoneSimulator.Deploy.0 = Release|x86
		{8557BC45-B1FE-468A-A07A-A3FA4BB6E8FB}.AppStore|MixedPlatforms.ActiveCfg = Release|x86
		{8557BC45-B1FE-468A-A07A-A3FA4BB6E8FB}.AppStore|MixedPlatforms.Build.0 = Release|x86
		{8557BC45-B1FE-468A-A07A-A3FA4BB6E8FB}.AppStore|MixedPlatforms.Deploy.0 = Release|x86
		{8557BC45-B1FE-468A-A07A-A3FA4BB6E8FB}.AppStore|x64.ActiveCfg = Release|x64
		{8557BC45-B1FE-468A-A07A-A3FA4BB6E8FB}.AppStore|x64.Build.0 = Release|x64
		{8557BC45-B1FE-468A-A07A-A3FA4BB6E8FB}.AppStore|x64.Deploy.0 = Release|x64
		{8557BC45-B1FE-468A-A07A-A3FA4BB6E8FB}.AppStore|x86.ActiveCfg = Release|x86
		{8557BC45-B1FE-468A-A07A-A3FA4BB6E8FB}.AppStore|x86.Build.0 = Release|x86
		{8557BC45-B1FE-468A-A07A-A3FA4BB6E8FB}.AppStore|x86.Deploy.0 = Release|x86
		{8557BC45-B1FE-468A-A07A-A3FA4BB6E8FB}.Debug|Any CPU.ActiveCfg = Debug|x86
		{8557BC45-B1FE-468A-A07A-A3FA4BB6E8FB}.Debug|ARM.ActiveCfg = Debug|ARM
		{8557BC45-B1FE-468A-A07A-A3FA4BB6E8FB}.Debug|ARM.Build.0 = Debug|ARM
		{8557BC45-B1FE-468A-A07A-A3FA4BB6E8FB}.Debug|ARM.Deploy.0 = Debug|ARM
		{8557BC45-B1FE-468A-A07A-A3FA4BB6E8FB}.Debug|iPhone.ActiveCfg = Debug|x86
		{8557BC45-B1FE-468A-A07A-A3FA4BB6E8FB}.Debug|iPhoneSimulator.ActiveCfg = Debug|x86
		{8557BC45-B1FE-468A-A07A-A3FA4BB6E8FB}.Debug|MixedPlatforms.ActiveCfg = Debug|x64
		{8557BC45-B1FE-468A-A07A-A3FA4BB6E8FB}.Debug|MixedPlatforms.Build.0 = Debug|x64
		{8557BC45-B1FE-468A-A07A-A3FA4BB6E8FB}.Debug|MixedPlatforms.Deploy.0 = Debug|x64
		{8557BC45-B1FE-468A-A07A-A3FA4BB6E8FB}.Debug|x64.ActiveCfg = Debug|x64
		{8557BC45-B1FE-468A-A07A-A3FA4BB6E8FB}.Debug|x64.Build.0 = Debug|x64
		{8557BC45-B1FE-468A-A07A-A3FA4BB6E8FB}.Debug|x64.Deploy.0 = Debug|x64
		{8557BC45-B1FE-468A-A07A-A3FA4BB6E8FB}.Debug|x86.ActiveCfg = Debug|x86
		{8557BC45-B1FE-468A-A07A-A3FA4BB6E8FB}.Debug|x86.Build.0 = Debug|x86
		{8557BC45-B1FE-468A-A07A-A3FA4BB6E8FB}.Debug|x86.Deploy.0 = Debug|x86
		{8557BC45-B1FE-468A-A07A-A3FA4BB6E8FB}.Release|Any CPU.ActiveCfg = Release|x86
		{8557BC45-B1FE-468A-A07A-A3FA4BB6E8FB}.Release|ARM.ActiveCfg = Release|ARM
		{8557BC45-B1FE-468A-A07A-A3FA4BB6E8FB}.Release|ARM.Build.0 = Release|ARM
		{8557BC45-B1FE-468A-A07A-A3FA4BB6E8FB}.Release|ARM.Deploy.0 = Release|ARM
		{8557BC45-B1FE-468A-A07A-A3FA4BB6E8FB}.Release|iPhone.ActiveCfg = Release|x86
		{8557BC45-B1FE-468A-A07A-A3FA4BB6E8FB}.Release|iPhoneSimulator.ActiveCfg = Release|x86
		{8557BC45-B1FE-468A-A07A-A3FA4BB6E8FB}.Release|MixedPlatforms.ActiveCfg = Release|x86
		{8557BC45-B1FE-468A-A07A-A3FA4BB6E8FB}.Release|x64.ActiveCfg = Release|x64
		{8557BC45-B1FE-468A-A07A-A3FA4BB6E8FB}.Release|x64.Build.0 = Release|x64
		{8557BC45-B1FE-468A-A07A-A3FA4BB6E8FB}.Release|x64.Deploy.0 = Release|x64
		{8557BC45-B1FE-468A-A07A-A3FA4BB6E8FB}.Release|x86.ActiveCfg = Release|x86
		{8557BC45-B1FE-468A-A07A-A3FA4BB6E8FB}.Release|x86.Build.0 = Release|x86
		{8557BC45-B1FE-468A-A07A-A3FA4BB6E8FB}.Release|x86.Deploy.0 = Release|x86
	EndGlobalSection
	GlobalSection(SolutionProperties) = preSolution
		HideSolutionNode = FALSE
	EndGlobalSection
EndGlobal
